
Microsoft Visual Studio Solution File, Format Version 12.00
# Visual Studio Version 17
VisualStudioVersion = 17.6.33801.468
MinimumVisualStudioVersion = 10.0.40219.1
Project("{FAE04EC0-301F-11D3-BF4B-00C04F79EFBC}") = "API_LOGISTICA_EF_NET", "API_LOGISTICA_EF_NET.csproj", "{F67CD1D7-324E-45DD-8278-7542F4A08DBB}"
EndProject
Global
	GlobalSection(SolutionConfigurationPlatforms) = preSolution
		Debug|Any CPU = Debug|Any CPU
		Release|Any CPU = Release|Any CPU
	EndGlobalSection
	GlobalSection(ProjectConfigurationPlatforms) = postSolution
		{F67CD1D7-324E-45DD-8278-7542F4A08DBB}.Debug|Any CPU.ActiveCfg = Debug|Any CPU
		{F67CD1D7-324E-45DD-8278-7542F4A08DBB}.Debug|Any CPU.Build.0 = Debug|Any CPU
		{F67CD1D7-324E-45DD-8278-7542F4A08DBB}.Release|Any CPU.ActiveCfg = Release|Any CPU
		{F67CD1D7-324E-45DD-8278-7542F4A08DBB}.Release|Any CPU.Build.0 = Release|Any CPU
	EndGlobalSection
	GlobalSection(SolutionProperties) = preSolution
		HideSolutionNode = FALSE
	EndGlobalSection
	GlobalSection(ExtensibilityGlobals) = postSolution
		SolutionGuid = {95305247-F1A7-42B9-BE0D-C65EAA6331CF}
	EndGlobalSection
EndGlobal
